
Microsoft Visual Studio Solution File, Format Version 12.00
# Visual Studio Version 17
VisualStudioVersion = 17.8.34330.188
MinimumVisualStudioVersion = 10.0.40219.1
Project("{FAE04EC0-301F-11D3-BF4B-00C04F79EFBC}") = "StudyChat.Core", "StudyChat.Core\StudyChat.Core.csproj", "{529A54A3-12BB-4939-9287-4155BFE5DC38}"
EndProject
Project("{FAE04EC0-301F-11D3-BF4B-00C04F79EFBC}") = "StudyChat.DataAccess", "StudyChat.DataAccess\StudyChat.DataAccess.csproj", "{79EF04DA-B3C1-4894-B5DD-C18BAADD0A68}"
EndProject
Project("{FAE04EC0-301F-11D3-BF4B-00C04F79EFBC}") = "StudyChat.Services", "StudyChat.Services\StudyChat.Services.csproj", "{1D390588-1FCA-447B-B681-6EB7CD832506}"
EndProject
Project("{FAE04EC0-301F-11D3-BF4B-00C04F79EFBC}") = "StudyChat.Web", "StudyChat.Web\StudyChat.Web.csproj", "{747C38F9-6085-4C3C-8BED-E99B9D10A9BD}"
EndProject
Global
	GlobalSection(SolutionConfigurationPlatforms) = preSolution
		Debug|Any CPU = Debug|Any CPU
		Release|Any CPU = Release|Any CPU
	EndGlobalSection
	GlobalSection(ProjectConfigurationPlatforms) = postSolution
		{529A54A3-12BB-4939-9287-4155BFE5DC38}.Debug|Any CPU.ActiveCfg = Debug|Any CPU
		{529A54A3-12BB-4939-9287-4155BFE5DC38}.Debug|Any CPU.Build.0 = Debug|Any CPU
		{529A54A3-12BB-4939-9287-4155BFE5DC38}.Release|Any CPU.ActiveCfg = Release|Any CPU
		{529A54A3-12BB-4939-9287-4155BFE5DC38}.Release|Any CPU.Build.0 = Release|Any CPU
		{79EF04DA-B3C1-4894-B5DD-C18BAADD0A68}.Debug|Any CPU.ActiveCfg = Debug|Any CPU
		{79EF04DA-B3C1-4894-B5DD-C18BAADD0A68}.Debug|Any CPU.Build.0 = Debug|Any CPU
		{79EF04DA-B3C1-4894-B5DD-C18BAADD0A68}.Release|Any CPU.ActiveCfg = Release|Any CPU
		{79EF04DA-B3C1-4894-B5DD-C18BAADD0A68}.Release|Any CPU.Build.0 = Release|Any CPU
		{1D390588-1FCA-447B-B681-6EB7CD832506}.Debug|Any CPU.ActiveCfg = Debug|Any CPU
		{1D390588-1FCA-447B-B681-6EB7CD832506}.Debug|Any CPU.Build.0 = Debug|Any CPU
		{1D390588-1FCA-447B-B681-6EB7CD832506}.Release|Any CPU.ActiveCfg = Release|Any CPU
		{1D390588-1FCA-447B-B681-6EB7CD832506}.Release|Any CPU.Build.0 = Release|Any CPU
		{747C38F9-6085-4C3C-8BED-E99B9D10A9BD}.Debug|Any CPU.ActiveCfg = Debug|Any CPU
		{747C38F9-6085-4C3C-8BED-E99B9D10A9BD}.Debug|Any CPU.Build.0 = Debug|Any CPU
		{747C38F9-6085-4C3C-8BED-E99B9D10A9BD}.Release|Any CPU.ActiveCfg = Release|Any CPU
		{747C38F9-6085-4C3C-8BED-E99B9D10A9BD}.Release|Any CPU.Build.0 = Release|Any CPU
	EndGlobalSection
	GlobalSection(SolutionProperties) = preSolution
		HideSolutionNode = FALSE
	EndGlobalSection
	GlobalSection(ExtensibilityGlobals) = postSolution
		SolutionGuid = {E4C9BAF0-53AC-4E17-8DD1-5B533E09B957}
	EndGlobalSection
EndGlobal
